// !$*UTF8*$!
{
	archiveVersion = 1;
	classes = {
	};
	objectVersion = 46;
	objects = {

/* Begin PBXBuildFile section */
		F6FB4A081D63F4DD00EEF839 /* main.m in Sources */ = {isa = PBXBuildFile; fileRef = F6FB4A071D63F4DD00EEF839 /* main.m */; };
		F6FB4A101D63FDB300EEF839 /* MyClass.m in Sources */ = {isa = PBXBuildFile; fileRef = F6FB4A0F1D63FDB300EEF839 /* MyClass.m */; };
/* End PBXBuildFile section */

/* Begin PBXCopyFilesBuildPhase section */
		F6FB4A021D63F4DD00EEF839 /* CopyFiles */ = {
			isa = PBXCopyFilesBuildPhase;
			buildActionMask = 2147483647;
			dstPath = /usr/share/man/man1/;
			dstSubfolderSpec = 0;
			files = (
			);
			runOnlyForDeploymentPostprocessing = 1;
		};
/* End PBXCopyFilesBuildPhase section */

/* Begin PBXFileReference section */
		F6FB4A041D63F4DD00EEF839 /* day_01_01_basic_objc */ = {isa = PBXFileReference; explicitFileType = "compiled.mach-o.executable"; includeInIndex = 0; path = day_01_01_basic_objc; sourceTree = BUILT_PRODUCTS_DIR; };
		F6FB4A071D63F4DD00EEF839 /* main.m */ = {isa = PBXFileReference; lastKnownFileType = sourcecode.c.objc; path = main.m; sourceTree = "<group>"; };
		F6FB4A0E1D63FDB300EEF839 /* MyClass.h */ = {isa = PBXFileReference; fileEncoding = 4; lastKnownFileType = sourcecode.c.h; path = MyClass.h; sourceTree = "<group>"; };
		F6FB4A0F1D63FDB300EEF839 /* MyClass.m */ = {isa = PBXFileReference; fileEncoding = 4; lastKnownFileType = sourcecode.c.objc; path = MyClass.m; sourceTree = "<group>"; };
/* End PBXFileReference section */

/* Begin PBXFrameworksBuildPhase section */
		F6FB4A011D63F4DD00EEF839 /* Frameworks */ = {
			isa = PBXFrameworksBuildPhase;
			buildActionMask = 2147483647;
			files = (
			);
			runOnlyForDeploymentPostprocessing = 0;
		};
/* End PBXFrameworksBuildPhase section */

/* Begin PBXGroup section */
		F6FB49FB1D63F4DD00EEF839 = {
			isa = PBXGroup;
			children = (
				F6FB4A061D63F4DD00EEF839 /* day_01_01_basic_objc */,
				F6FB4A051D63F4DD00EEF839 /* Products */,
			);
			sourceTree = "<group>";
		};
		F6FB4A051D63F4DD00EEF839 /* Products */ = {
			isa = PBXGroup;
			children = (
				F6FB4A041D63F4DD00EEF839 /* day_01_01_basic_objc */,
			);
			name = Products;
			sourceTree = "<group>";
		};
		F6FB4A061D63F4DD00EEF839 /* day_01_01_basic_objc */ = {
			isa = PBXGroup;
			children = (
				F6FB4A071D63F4DD00EEF839 /* main.m */,
				F6FB4A0E1D63FDB300EEF839 /* MyClass.h */,
				F6FB4A0F1D63FDB300EEF839 /* MyClass.m */,
			);
			path = day_01_01_basic_objc;
			sourceTree = "<group>";
		};
/* End PBXGroup section */

/* Begin PBXNativeTarget section */
		F6FB4A031D63F4DD00EEF839 /* day_01_01_basic_objc */ = {
			isa = PBXNativeTarget;
			buildConfigurationList = F6FB4A0B1D63F4DD00EEF839 /* Build configuration list for PBXNativeTarget "day_01_01_basic_objc" */;
			buildPhases = (
				F6FB4A001D63F4DD00EEF839 /* Sources */,
				F6FB4A011D63F4DD00EEF839 /* Frameworks */,
				F6FB4A021D63F4DD00EEF839 /* CopyFiles */,
			);
			buildRules = (
			);
			dependencies = (
			);
			name = day_01_01_basic_objc;
			productName = day_01_01_basic_objc;
			productReference = F6FB4A041D63F4DD00EEF839 /* day_01_01_basic_objc */;
			productType = "com.apple.product-type.tool";
		};
/* End PBXNativeTarget section */

/* Begin PBXProject section */
		F6FB49FC1D63F4DD00EEF839 /* Project object */ = {
			isa = PBXProject;
			attributes = {
				LastUpgradeCheck = 0730;
				ORGANIZATIONNAME = "Burke Choi";
				TargetAttributes = {
					F6FB4A031D63F4DD00EEF839 = {
						CreatedOnToolsVersion = 7.3.1;
					};
				};
			};
			buildConfigurationList = F6FB49FF1D63F4DD00EEF839 /* Build configuration list for PBXProject "day_01_01_basic_objc" */;
			compatibilityVersion = "Xcode 3.2";
			developmentRegion = English;
			hasScannedForEncodings = 0;
			knownRegions = (
				en,
			);
			mainGroup = F6FB49FB1D63F4DD00EEF839;
			productRefGroup = F6FB4A051D63F4DD00EEF839 /* Products */;
			projectDirPath = "";
			projectRoot = "";
			targets = (
				F6FB4A031D63F4DD00EEF839 /* day_01_01_basic_objc */,
			);
		};
/* End PBXProject section */

/* Begin PBXSourcesBuildPhase section */
		F6FB4A001D63F4DD00EEF839 /* Sources */ = {
			isa = PBXSourcesBuildPhase;
			buildActionMask = 2147483647;
			files = (
				F6FB4A101D63FDB300EEF839 /* MyClass.m in Sources */,
				F6FB4A081D63F4DD00EEF839 /* main.m in Sources */,
			);
			runOnlyForDeploymentPostprocessing = 0;
		};
/* End PBXSourcesBuildPhase section */

/* Begin XCBuildConfiguration section */
		F6FB4A091D63F4DD00EEF839 /* Debug */ = {
			isa = XCBuildConfiguration;
			buildSettings = {
				ALWAYS_SEARCH_USER_PATHS = NO;
				CLANG_ANALYZER_NONNULL = YES;
				CLANG_CXX_LANGUAGE_STANDARD = "gnu++0x";
				CLANG_CXX_LIBRARY = "libc++";
				CLANG_ENABLE_MODULES = YES;
				CLANG_ENABLE_OBJC_ARC = YES;
				CLANG_WARN_BOOL_CONVERSION = YES;
				CLANG_WARN_CONSTANT_CONVERSION = YES;
				CLANG_WARN_DIRECT_OBJC_ISA_USAGE = YES_ERROR;
				CLANG_WARN_EMPTY_BODY = YES;
				CLANG_WARN_ENUM_CONVERSION = YES;
				CLANG_WARN_INT_CONVERSION = YES;
				CLANG_WARN_OBJC_ROOT_CLASS = YES_ERROR;
				CLANG_WARN_UNREACHABLE_CODE = YES;
				CLANG_WARN__DUPLICATE_METHOD_MATCH = YES;
				CODE_SIGN_IDENTITY = "-";
				COPY_PHASE_STRIP = NO;
				DEBUG_INFORMATION_FORMAT = dwarf;
				ENABLE_STRICT_OBJC_MSGSEND = YES;
				ENABLE_TESTABILITY = YES;
				GCC_C_LANGUAGE_STANDARD = gnu99;
				GCC_DYNAMIC_NO_PIC = NO;
				GCC_NO_COMMON_BLOCKS = YES;
				GCC_OPTIMIZATION_LEVEL = 0;
				GCC_PREPROCESSOR_DEFINITIONS = (
					"DEBUG=1",
					"$(inherited)",
				);
				GCC_WARN_64_TO_32_BIT_CONVERSION = YES;
				GCC_WARN_ABOUT_RETURN_TYPE = YES_ERROR;
				GCC_WARN_UNDECLARED_SELECTOR = YES;
				GCC_WARN_UNINITIALIZED_AUTOS = YES_AGGRESSIVE;
				GCC_WARN_UNUSED_FUNCTION = YES;
				GCC_WARN_UNUSED_VARIABLE = YES;
				MACOSX_DEPLOYMENT_TARGET = 10.11;
				MTL_ENABLE_DEBUG_INFO = YES;
				ONLY_ACTIVE_ARCH = YES;
				SDKROOT = macosx;
			};
			name = Debug;
		};
		F6FB4A0A1D63F4DD00EEF839 /* Release */ = {
			isa = XCBuildConfiguration;
			buildSettings = {
				ALWAYS_SEARCH_USER_PATHS = NO;
				CLANG_ANALYZER_NONNULL = YES;
				CLANG_CXX_LANGUAGE_STANDARD = "gnu++0x";
				CLANG_CXX_LIBRARY = "libc++";
				CLANG_ENABLE_MODULES = YES;
				CLANG_ENABLE_OBJC_ARC = YES;
				CLANG_WARN_BOOL_CONVERSION = YES;
				CLANG_WARN_CONSTANT_CONVERSION = YES;
				CLANG_WARN_DIRECT_OBJC_ISA_USAGE = YES_ERROR;
				CLANG_WARN_EMPTY_BODY = YES;
				CLANG_WARN_ENUM_CONVERSION = YES;
				CLANG_WARN_INT_CONVERSION = YES;
				CLANG_WARN_OBJC_ROOT_CLASS = YES_ERROR;
				CLANG_WARN_UNREACHABLE_CODE = YES;
				CLANG_WARN__DUPLICATE_METHOD_MATCH = YES;
				CODE_SIGN_IDENTITY = "-";
				COPY_PHASE_STRIP = NO;
				DEBUG_INFORMATION_FORMAT = "dwarf-with-dsym";
				ENABLE_NS_ASSERTIONS = NO;
				ENABLE_STRICT_OBJC_MSGSEND = YES;
				GCC_C_LANGUAGE_STANDARD = gnu99;
				GCC_NO_COMMON_BLOCKS = YES;
				GCC_WARN_64_TO_32_BIT_CONVERSION = YES;
				GCC_WARN_ABOUT_RETURN_TYPE = YES_ERROR;
				GCC_WARN_UNDECLARED_SELECTOR = YES;
				GCC_WARN_UNINITIALIZED_AUTOS = YES_AGGRESSIVE;
				GCC_WARN_UNUSED_FUNCTION = YES;
				GCC_WARN_UNUSED_VARIABLE = YES;
				MACOSX_DEPLOYMENT_TARGET = 10.11;
				MTL_ENABLE_DEBUG_INFO = NO;
				SDKROOT = macosx;
			};
			name = Release;
		};
		F6FB4A0C1D63F4DD00EEF839 /* Debug */ = {
			isa = XCBuildConfiguration;
			buildSettings = {
				PRODUCT_NAME = "$(TARGET_NAME)";
			};
			name = Debug;
		};
		F6FB4A0D1D63F4DD00EEF839 /* Release */ = {
			isa = XCBuildConfiguration;
			buildSettings = {
				PRODUCT_NAME = "$(TARGET_NAME)";
			};
			name = Release;
		};
/* End XCBuildConfiguration section */

/* Begin XCConfigurationList section */
		F6FB49FF1D63F4DD00EEF839 /* Build configuration list for PBXProject "day_01_01_basic_objc" */ = {
			isa = XCConfigurationList;
			buildConfigurations = (
				F6FB4A091D63F4DD00EEF839 /* Debug */,
				F6FB4A0A1D63F4DD00EEF839 /* Release */,
			);
			defaultConfigurationIsVisible = 0;
			defaultConfigurationName = Release;
		};
		F6FB4A0B1D63F4DD00EEF839 /* Build configuration list for PBXNativeTarget "day_01_01_basic_objc" */ = {
			isa = XCConfigurationList;
			buildConfigurations = (
				F6FB4A0C1D63F4DD00EEF839 /* Debug */,
				F6FB4A0D1D63F4DD00EEF839 /* Release */,
			);
			defaultConfigurationIsVisible = 0;
		};
/* End XCConfigurationList section */
	};
	rootObject = F6FB49FC1D63F4DD00EEF839 /* Project object */;
}
